
Microsoft Visual Studio Solution File, Format Version 12.00
# Visual Studio Version 17
VisualStudioVersion = 17.0.31903.59
MinimumVisualStudioVersion = 10.0.40219.1
Project("{FAE04EC0-301F-11D3-BF4B-00C04F79EFBC}") = "DeviceTrackr.Api", "DeviceTrackr.Api\DeviceTrackr.Api.csproj", "{C4E15211-A2F4-455C-85A5-03DB919EFEC9}"
EndProject
Global
	GlobalSection(SolutionConfigurationPlatforms) = preSolution
		Debug|Any CPU = Debug|Any CPU
		Release|Any CPU = Release|Any CPU
	EndGlobalSection
	GlobalSection(SolutionProperties) = preSolution
		HideSolutionNode = FALSE
	EndGlobalSection
	GlobalSection(ProjectConfigurationPlatforms) = postSolution
		{C4E15211-A2F4-455C-85A5-03DB919EFEC9}.Debug|Any CPU.ActiveCfg = Debug|Any CPU
		{C4E15211-A2F4-455C-85A5-03DB919EFEC9}.Debug|Any CPU.Build.0 = Debug|Any CPU
		{C4E15211-A2F4-455C-85A5-03DB919EFEC9}.Release|Any CPU.ActiveCfg = Release|Any CPU
		{C4E15211-A2F4-455C-85A5-03DB919EFEC9}.Release|Any CPU.Build.0 = Release|Any CPU
	EndGlobalSection
EndGlobal
